dependencies:
- name: postgresql
  repository: https://charts.bitnami.com/bitnami
  version: 12.1.14
- name: redis
  repository: https://charts.bitnami.com/bitnami
  version: 17.7.3
digest: sha256:86436d2c99609acf4a188b167f4f1977d904ee1150d179110cc7ef40cdd3475b
generated: "2023-02-09T11:54:25.032794Z"
